
Microsoft Visual Studio Solution File, Format Version 12.00
# Visual Studio Version 17
VisualStudioVersion = 17.5.002.0
MinimumVisualStudioVersion = 10.0.40219.1
Project("{9A19103F-16F7-4668-BE54-9A1E7A4F7556}") = "PizzaStore", "PizzaStore.csproj", "{D2213715-3FC5-4E83-B627-E22D49FF8EEE}"
EndProject
Global
	GlobalSection(SolutionConfigurationPlatforms) = preSolution
		Debug|Any CPU = Debug|Any CPU
		Release|Any CPU = Release|Any CPU
	EndGlobalSection
	GlobalSection(ProjectConfigurationPlatforms) = postSolution
		{D2213715-3FC5-4E83-B627-E22D49FF8EEE}.Debug|Any CPU.ActiveCfg = Debug|Any CPU
		{D2213715-3FC5-4E83-B627-E22D49FF8EEE}.Debug|Any CPU.Build.0 = Debug|Any CPU
		{D2213715-3FC5-4E83-B627-E22D49FF8EEE}.Release|Any CPU.ActiveCfg = Release|Any CPU
		{D2213715-3FC5-4E83-B627-E22D49FF8EEE}.Release|Any CPU.Build.0 = Release|Any CPU
	EndGlobalSection
	GlobalSection(SolutionProperties) = preSolution
		HideSolutionNode = FALSE
	EndGlobalSection
	GlobalSection(ExtensibilityGlobals) = postSolution
		SolutionGuid = {E81C66F0-EE77-41DD-8A03-7E56AD6ECB96}
	EndGlobalSection
EndGlobal
